// !$*UTF8*$!
{
	archiveVersion = 1;
	classes = {
	};
	objectVersion = 56;
	objects = {

/* Begin PBXBuildFile section */
		F4281DC12B6233DC00E7D517 /* String+Extension.swift in Sources */ = {isa = PBXBuildFile; fileRef = F4281DC02B6233DC00E7D517 /* String+Extension.swift */; };
		F4281DC32B63A60F00E7D517 /* ErrorResponse.swift in Sources */ = {isa = PBXBuildFile; fileRef = F4281DC22B63A60F00E7D517 /* ErrorResponse.swift */; };
		F4281DC72B63C0F400E7D517 /* TokenManager.swift in Sources */ = {isa = PBXBuildFile; fileRef = F4281DC62B63C0F400E7D517 /* TokenManager.swift */; };
		F4281DD02B64BE7100E7D517 /* WorkspaceInitialViewController.swift in Sources */ = {isa = PBXBuildFile; fileRef = F4281DCF2B64BE7100E7D517 /* WorkspaceInitialViewController.swift */; };
		F4281DD22B64D11100E7D517 /* AccountManager.swift in Sources */ = {isa = PBXBuildFile; fileRef = F4281DD12B64D11100E7D517 /* AccountManager.swift */; };
		F4281DD42B64D30800E7D517 /* WorkspaceAddViewController.swift in Sources */ = {isa = PBXBuildFile; fileRef = F4281DD32B64D30800E7D517 /* WorkspaceAddViewController.swift */; };
		F43E394A2B52800B00C6F1DE /* IQKeyboardManagerSwift in Frameworks */ = {isa = PBXBuildFile; productRef = F43E39492B52800B00C6F1DE /* IQKeyboardManagerSwift */; };
		F43E394C2B52800B00C6F1DE /* LoginViewController.swift in Sources */ = {isa = PBXBuildFile; fileRef = F43E394B2B52800B00C6F1DE /* LoginViewController.swift */; };
		F48235A32B53D8D200C9768A /* ToastView.swift in Sources */ = {isa = PBXBuildFile; fileRef = F48235A22B53D8D200C9768A /* ToastView.swift */; };
		F48235A52B556DA200C9768A /* Regex.swift in Sources */ = {isa = PBXBuildFile; fileRef = F48235A42B556DA200C9768A /* Regex.swift */; };
		F4A2E86A2B4D653600D9E721 /* Join.swift in Sources */ = {isa = PBXBuildFile; fileRef = F4A2E8692B4D653600D9E721 /* Join.swift */; };
		F4A2E86C2B4D67EF00D9E721 /* Email.swift in Sources */ = {isa = PBXBuildFile; fileRef = F4A2E86B2B4D67EF00D9E721 /* Email.swift */; };
		F4A2E86E2B4D682D00D9E721 /* Login.swift in Sources */ = {isa = PBXBuildFile; fileRef = F4A2E86D2B4D682D00D9E721 /* Login.swift */; };
		F4A2E8702B4D68DC00D9E721 /* KakaoLogin.swift in Sources */ = {isa = PBXBuildFile; fileRef = F4A2E86F2B4D68DC00D9E721 /* KakaoLogin.swift */; };
		F4A2E8722B4D691B00D9E721 /* AppleLogin.swift in Sources */ = {isa = PBXBuildFile; fileRef = F4A2E8712B4D691B00D9E721 /* AppleLogin.swift */; };
		F4A2E8742B4D696700D9E721 /* DeviceToken.swift in Sources */ = {isa = PBXBuildFile; fileRef = F4A2E8732B4D696700D9E721 /* DeviceToken.swift */; };
		F4A2E8762B4D69BC00D9E721 /* MyEdit.swift in Sources */ = {isa = PBXBuildFile; fileRef = F4A2E8752B4D69BC00D9E721 /* MyEdit.swift */; };
		F4A2E8782B4D6A4800D9E721 /* MyImage.swift in Sources */ = {isa = PBXBuildFile; fileRef = F4A2E8772B4D6A4800D9E721 /* MyImage.swift */; };
		F4A2E87B2B4D72FF00D9E721 /* Common.swift in Sources */ = {isa = PBXBuildFile; fileRef = F4A2E87A2B4D72FF00D9E721 /* Common.swift */; };
		F4A2E87D2B4D744F00D9E721 /* UserError.swift in Sources */ = {isa = PBXBuildFile; fileRef = F4A2E87C2B4D744F00D9E721 /* UserError.swift */; };
		F4A2E87F2B4D77F600D9E721 /* LoginViewModel.swift in Sources */ = {isa = PBXBuildFile; fileRef = F4A2E87E2B4D77F600D9E721 /* LoginViewModel.swift */; };
		F4A2E8832B4D7A4300D9E721 /* JoinViewModel.swift in Sources */ = {isa = PBXBuildFile; fileRef = F4A2E8822B4D7A4300D9E721 /* JoinViewModel.swift */; };
		F4A2E8862B596AA400D9E721 /* KakaoSDK in Frameworks */ = {isa = PBXBuildFile; productRef = F4A2E8852B596AA400D9E721 /* KakaoSDK */; };
		F4A2E8882B596AA400D9E721 /* KakaoSDKAuth in Frameworks */ = {isa = PBXBuildFile; productRef = F4A2E8872B596AA400D9E721 /* KakaoSDKAuth */; };
		F4A2E88A2B596AA400D9E721 /* KakaoSDKUser in Frameworks */ = {isa = PBXBuildFile; productRef = F4A2E8892B596AA400D9E721 /* KakaoSDKUser */; };
		F4A2E88D2B596ADF00D9E721 /* ContinueViewModel.swift in Sources */ = {isa = PBXBuildFile; fileRef = F4A2E88C2B596ADF00D9E721 /* ContinueViewModel.swift */; };
		F4A2E88F2B59780B00D9E721 /* Interceptor.swift in Sources */ = {isa = PBXBuildFile; fileRef = F4A2E88E2B59780B00D9E721 /* Interceptor.swift */; };
		F4B353F02B56795100CC75E8 /* Moya in Frameworks */ = {isa = PBXBuildFile; productRef = F4B353EF2B56795100CC75E8 /* Moya */; };
		F4B353F22B56795100CC75E8 /* RxMoya in Frameworks */ = {isa = PBXBuildFile; productRef = F4B353F12B56795100CC75E8 /* RxMoya */; };
		F4B353F52B56796B00CC75E8 /* NetworkManager.swift in Sources */ = {isa = PBXBuildFile; fileRef = F4B353F42B56796B00CC75E8 /* NetworkManager.swift */; };
		F4B353F72B5679BB00CC75E8 /* .gitignore in Resources */ = {isa = PBXBuildFile; fileRef = F4B353F62B5679BB00CC75E8 /* .gitignore */; };
		F4B353FB2B567C0E00CC75E8 /* UserRouter.swift in Sources */ = {isa = PBXBuildFile; fileRef = F4B353FA2B567C0E00CC75E8 /* UserRouter.swift */; };
		F4B353FD2B567C6C00CC75E8 /* Secret.swift in Sources */ = {isa = PBXBuildFile; fileRef = F4B353FC2B567C6C00CC75E8 /* Secret.swift */; };
		F4CFD8922B4ADD700024E28B /* RxCocoa in Frameworks */ = {isa = PBXBuildFile; productRef = F4CFD8912B4ADD700024E28B /* RxCocoa */; };
		F4CFD8942B4ADD700024E28B /* RxSwift in Frameworks */ = {isa = PBXBuildFile; productRef = F4CFD8932B4ADD700024E28B /* RxSwift */; };
		F4CFD8972B4ADF8C0024E28B /* JoinViewController.swift in Sources */ = {isa = PBXBuildFile; fileRef = F4CFD8962B4ADF8C0024E28B /* JoinViewController.swift */; };
		F4CFD8992B4AE08A0024E28B /* JoinView.swift in Sources */ = {isa = PBXBuildFile; fileRef = F4CFD8982B4AE08A0024E28B /* JoinView.swift */; };
		F4CFD89B2B4B00510024E28B /* TextButton.swift in Sources */ = {isa = PBXBuildFile; fileRef = F4CFD89A2B4B00510024E28B /* TextButton.swift */; };
		F4CFD89E2B4EF7690024E28B /* UIResponder+Extension.swift in Sources */ = {isa = PBXBuildFile; fileRef = F4CFD89D2B4EF7690024E28B /* UIResponder+Extension.swift */; };
		F4F8AD282B456C6C00317F08 /* AppDelegate.swift in Sources */ = {isa = PBXBuildFile; fileRef = F4F8AD272B456C6C00317F08 /* AppDelegate.swift */; };
		F4F8AD2A2B456C6C00317F08 /* SceneDelegate.swift in Sources */ = {isa = PBXBuildFile; fileRef = F4F8AD292B456C6C00317F08 /* SceneDelegate.swift */; };
		F4F8AD2C2B456C6C00317F08 /* OnboardingViewController.swift in Sources */ = {isa = PBXBuildFile; fileRef = F4F8AD2B2B456C6C00317F08 /* OnboardingViewController.swift */; };
		F4F8AD312B456C6E00317F08 /* Assets.xcassets in Resources */ = {isa = PBXBuildFile; fileRef = F4F8AD302B456C6E00317F08 /* Assets.xcassets */; };
		F4F8AD342B456C6E00317F08 /* LaunchScreen.storyboard in Resources */ = {isa = PBXBuildFile; fileRef = F4F8AD322B456C6E00317F08 /* LaunchScreen.storyboard */; };
		F4F8AD3D2B456F2E00317F08 /* Font.swift in Sources */ = {isa = PBXBuildFile; fileRef = F4F8AD3C2B456F2E00317F08 /* Font.swift */; };
		F4F8AD422B4575BF00317F08 /* SnapKit in Frameworks */ = {isa = PBXBuildFile; productRef = F4F8AD412B4575BF00317F08 /* SnapKit */; };
		F4F8AD452B45B3AD00317F08 /* BaseViewController.swift in Sources */ = {isa = PBXBuildFile; fileRef = F4F8AD442B45B3AD00317F08 /* BaseViewController.swift */; };
		F4F8AD472B45B4C000317F08 /* Image.swift in Sources */ = {isa = PBXBuildFile; fileRef = F4F8AD462B45B4C000317F08 /* Image.swift */; };
		F4F8AD5E2B492D7300317F08 /* ContinueViewController.swift in Sources */ = {isa = PBXBuildFile; fileRef = F4F8AD5D2B492D7300317F08 /* ContinueViewController.swift */; };
		F4F8AD602B4986B300317F08 /* ImageButton.swift in Sources */ = {isa = PBXBuildFile; fileRef = F4F8AD5F2B4986B200317F08 /* ImageButton.swift */; };
/* End PBXBuildFile section */

/* Begin PBXFileReference section */
		F4281DC02B6233DC00E7D517 /* String+Extension.swift */ = {isa = PBXFileReference; lastKnownFileType = sourcecode.swift; path = "String+Extension.swift"; sourceTree = "<group>"; };
		F4281DC22B63A60F00E7D517 /* ErrorResponse.swift */ = {isa = PBXFileReference; lastKnownFileType = sourcecode.swift; path = ErrorResponse.swift; sourceTree = "<group>"; };
		F4281DC62B63C0F400E7D517 /* TokenManager.swift */ = {isa = PBXFileReference; lastKnownFileType = sourcecode.swift; path = TokenManager.swift; sourceTree = "<group>"; };
		F4281DCF2B64BE7100E7D517 /* WorkspaceInitialViewController.swift */ = {isa = PBXFileReference; lastKnownFileType = sourcecode.swift; path = WorkspaceInitialViewController.swift; sourceTree = "<group>"; };
		F4281DD12B64D11100E7D517 /* AccountManager.swift */ = {isa = PBXFileReference; lastKnownFileType = sourcecode.swift; path = AccountManager.swift; sourceTree = "<group>"; };
		F4281DD32B64D30800E7D517 /* WorkspaceAddViewController.swift */ = {isa = PBXFileReference; lastKnownFileType = sourcecode.swift; path = WorkspaceAddViewController.swift; sourceTree = "<group>"; };
		F43E394B2B52800B00C6F1DE /* LoginViewController.swift */ = {isa = PBXFileReference; lastKnownFileType = sourcecode.swift; path = LoginViewController.swift; sourceTree = "<group>"; };
		F48235A22B53D8D200C9768A /* ToastView.swift */ = {isa = PBXFileReference; lastKnownFileType = sourcecode.swift; path = ToastView.swift; sourceTree = "<group>"; };
		F48235A42B556DA200C9768A /* Regex.swift */ = {isa = PBXFileReference; lastKnownFileType = sourcecode.swift; path = Regex.swift; sourceTree = "<group>"; };
		F4A2E8692B4D653600D9E721 /* Join.swift */ = {isa = PBXFileReference; lastKnownFileType = sourcecode.swift; path = Join.swift; sourceTree = "<group>"; };
		F4A2E86B2B4D67EF00D9E721 /* Email.swift */ = {isa = PBXFileReference; lastKnownFileType = sourcecode.swift; path = Email.swift; sourceTree = "<group>"; };
		F4A2E86D2B4D682D00D9E721 /* Login.swift */ = {isa = PBXFileReference; lastKnownFileType = sourcecode.swift; path = Login.swift; sourceTree = "<group>"; };
		F4A2E86F2B4D68DC00D9E721 /* KakaoLogin.swift */ = {isa = PBXFileReference; lastKnownFileType = sourcecode.swift; path = KakaoLogin.swift; sourceTree = "<group>"; };
		F4A2E8712B4D691B00D9E721 /* AppleLogin.swift */ = {isa = PBXFileReference; lastKnownFileType = sourcecode.swift; path = AppleLogin.swift; sourceTree = "<group>"; };
		F4A2E8732B4D696700D9E721 /* DeviceToken.swift */ = {isa = PBXFileReference; lastKnownFileType = sourcecode.swift; path = DeviceToken.swift; sourceTree = "<group>"; };
		F4A2E8752B4D69BC00D9E721 /* MyEdit.swift */ = {isa = PBXFileReference; lastKnownFileType = sourcecode.swift; path = MyEdit.swift; sourceTree = "<group>"; };
		F4A2E8772B4D6A4800D9E721 /* MyImage.swift */ = {isa = PBXFileReference; lastKnownFileType = sourcecode.swift; path = MyImage.swift; sourceTree = "<group>"; };
		F4A2E87A2B4D72FF00D9E721 /* Common.swift */ = {isa = PBXFileReference; lastKnownFileType = sourcecode.swift; path = Common.swift; sourceTree = "<group>"; };
		F4A2E87C2B4D744F00D9E721 /* UserError.swift */ = {isa = PBXFileReference; lastKnownFileType = sourcecode.swift; path = UserError.swift; sourceTree = "<group>"; };
		F4A2E87E2B4D77F600D9E721 /* LoginViewModel.swift */ = {isa = PBXFileReference; lastKnownFileType = sourcecode.swift; path = LoginViewModel.swift; sourceTree = "<group>"; };
		F4A2E8822B4D7A4300D9E721 /* JoinViewModel.swift */ = {isa = PBXFileReference; lastKnownFileType = sourcecode.swift; path = JoinViewModel.swift; sourceTree = "<group>"; };
		F4A2E88C2B596ADF00D9E721 /* ContinueViewModel.swift */ = {isa = PBXFileReference; lastKnownFileType = sourcecode.swift; path = ContinueViewModel.swift; sourceTree = "<group>"; };
		F4A2E88E2B59780B00D9E721 /* Interceptor.swift */ = {isa = PBXFileReference; lastKnownFileType = sourcecode.swift; path = Interceptor.swift; sourceTree = "<group>"; };
		F4B353F42B56796B00CC75E8 /* NetworkManager.swift */ = {isa = PBXFileReference; lastKnownFileType = sourcecode.swift; path = NetworkManager.swift; sourceTree = "<group>"; };
		F4B353F62B5679BB00CC75E8 /* .gitignore */ = {isa = PBXFileReference; lastKnownFileType = text; path = .gitignore; sourceTree = "<group>"; };
		F4B353FA2B567C0E00CC75E8 /* UserRouter.swift */ = {isa = PBXFileReference; lastKnownFileType = sourcecode.swift; path = UserRouter.swift; sourceTree = "<group>"; };
		F4B353FC2B567C6C00CC75E8 /* Secret.swift */ = {isa = PBXFileReference; lastKnownFileType = sourcecode.swift; path = Secret.swift; sourceTree = "<group>"; };
		F4CFD8962B4ADF8C0024E28B /* JoinViewController.swift */ = {isa = PBXFileReference; lastKnownFileType = sourcecode.swift; path = JoinViewController.swift; sourceTree = "<group>"; };
		F4CFD8982B4AE08A0024E28B /* JoinView.swift */ = {isa = PBXFileReference; lastKnownFileType = sourcecode.swift; path = JoinView.swift; sourceTree = "<group>"; };
		F4CFD89A2B4B00510024E28B /* TextButton.swift */ = {isa = PBXFileReference; lastKnownFileType = sourcecode.swift; path = TextButton.swift; sourceTree = "<group>"; };
		F4CFD89D2B4EF7690024E28B /* UIResponder+Extension.swift */ = {isa = PBXFileReference; lastKnownFileType = sourcecode.swift; path = "UIResponder+Extension.swift"; sourceTree = "<group>"; };
		F4F8AD242B456C6C00317F08 /* mojitalk.app */ = {isa = PBXFileReference; explicitFileType = wrapper.application; includeInIndex = 0; path = mojitalk.app; sourceTree = BUILT_PRODUCTS_DIR; };
		F4F8AD272B456C6C00317F08 /* AppDelegate.swift */ = {isa = PBXFileReference; lastKnownFileType = sourcecode.swift; path = AppDelegate.swift; sourceTree = "<group>"; };
		F4F8AD292B456C6C00317F08 /* SceneDelegate.swift */ = {isa = PBXFileReference; lastKnownFileType = sourcecode.swift; path = SceneDelegate.swift; sourceTree = "<group>"; };
		F4F8AD2B2B456C6C00317F08 /* OnboardingViewController.swift */ = {isa = PBXFileReference; lastKnownFileType = sourcecode.swift; path = OnboardingViewController.swift; sourceTree = "<group>"; };
		F4F8AD302B456C6E00317F08 /* Assets.xcassets */ = {isa = PBXFileReference; lastKnownFileType = folder.assetcatalog; path = Assets.xcassets; sourceTree = "<group>"; };
		F4F8AD332B456C6E00317F08 /* Base */ = {isa = PBXFileReference; lastKnownFileType = file.storyboard; name = Base; path = Base.lproj/LaunchScreen.storyboard; sourceTree = "<group>"; };
		F4F8AD352B456C6E00317F08 /* Info.plist */ = {isa = PBXFileReference; lastKnownFileType = text.plist.xml; path = Info.plist; sourceTree = "<group>"; };
		F4F8AD3C2B456F2E00317F08 /* Font.swift */ = {isa = PBXFileReference; lastKnownFileType = sourcecode.swift; path = Font.swift; sourceTree = "<group>"; };
		F4F8AD442B45B3AD00317F08 /* BaseViewController.swift */ = {isa = PBXFileReference; lastKnownFileType = sourcecode.swift; path = BaseViewController.swift; sourceTree = "<group>"; };
		F4F8AD462B45B4C000317F08 /* Image.swift */ = {isa = PBXFileReference; lastKnownFileType = sourcecode.swift; path = Image.swift; sourceTree = "<group>"; };
		F4F8AD5D2B492D7300317F08 /* ContinueViewController.swift */ = {isa = PBXFileReference; lastKnownFileType = sourcecode.swift; path = ContinueViewController.swift; sourceTree = "<group>"; };
		F4F8AD5F2B4986B200317F08 /* ImageButton.swift */ = {isa = PBXFileReference; lastKnownFileType = sourcecode.swift; path = ImageButton.swift; sourceTree = "<group>"; };
/* End PBXFileReference section */

/* Begin PBXFrameworksBuildPhase section */
		F4F8AD212B456C6C00317F08 /* Frameworks */ = {
			isa = PBXFrameworksBuildPhase;
			buildActionMask = 2147483647;
			files = (
				F4B353F22B56795100CC75E8 /* RxMoya in Frameworks */,
				F4CFD8942B4ADD700024E28B /* RxSwift in Frameworks */,
				F43E394A2B52800B00C6F1DE /* IQKeyboardManagerSwift in Frameworks */,
				F4CFD8922B4ADD700024E28B /* RxCocoa in Frameworks */,
				F4B353F02B56795100CC75E8 /* Moya in Frameworks */,
				F4F8AD422B4575BF00317F08 /* SnapKit in Frameworks */,
				F4A2E8862B596AA400D9E721 /* KakaoSDK in Frameworks */,
				F4A2E8882B596AA400D9E721 /* KakaoSDKAuth in Frameworks */,
				F4A2E88A2B596AA400D9E721 /* KakaoSDKUser in Frameworks */,
			);
			runOnlyForDeploymentPostprocessing = 0;
		};
/* End PBXFrameworksBuildPhase section */

/* Begin PBXGroup section */
		F4281DCE2B64BE5E00E7D517 /* Workspace */ = {
			isa = PBXGroup;
			children = (
				F4281DCF2B64BE7100E7D517 /* WorkspaceInitialViewController.swift */,
				F4281DD32B64D30800E7D517 /* WorkspaceAddViewController.swift */,
			);
			path = Workspace;
			sourceTree = "<group>";
		};
		F43E394D2B52800B00C6F1DE /* account */ = {
			isa = PBXGroup;
			children = (
				F4A2E88B2B596AD300D9E721 /* Continue */,
				F4A2E8812B4D7A3600D9E721 /* Join */,
				F4A2E8802B4D7A2B00D9E721 /* Login */,
			);
			path = account;
			sourceTree = "<group>";
		};
		F4A2E8672B4D650000D9E721 /* Model */ = {
			isa = PBXGroup;
			children = (
				F4A2E8682B4D650700D9E721 /* Users */,
				F4281DC22B63A60F00E7D517 /* ErrorResponse.swift */,
			);
			path = Model;
			sourceTree = "<group>";
		};
		F4A2E8682B4D650700D9E721 /* Users */ = {
			isa = PBXGroup;
			children = (
				F4A2E8692B4D653600D9E721 /* Join.swift */,
				F4A2E86B2B4D67EF00D9E721 /* Email.swift */,
				F4A2E86D2B4D682D00D9E721 /* Login.swift */,
				F4A2E86F2B4D68DC00D9E721 /* KakaoLogin.swift */,
				F4A2E8712B4D691B00D9E721 /* AppleLogin.swift */,
				F4A2E8732B4D696700D9E721 /* DeviceToken.swift */,
				F4A2E8752B4D69BC00D9E721 /* MyEdit.swift */,
				F4A2E8772B4D6A4800D9E721 /* MyImage.swift */,
			);
			path = Users;
			sourceTree = "<group>";
		};
		F4A2E8792B4D72F000D9E721 /* Error */ = {
			isa = PBXGroup;
			children = (
				F4A2E87A2B4D72FF00D9E721 /* Common.swift */,
				F4A2E87C2B4D744F00D9E721 /* UserError.swift */,
			);
			path = Error;
			sourceTree = "<group>";
		};
		F4A2E8802B4D7A2B00D9E721 /* Login */ = {
			isa = PBXGroup;
			children = (
				F43E394B2B52800B00C6F1DE /* LoginViewController.swift */,
				F4A2E87E2B4D77F600D9E721 /* LoginViewModel.swift */,
			);
			path = Login;
			sourceTree = "<group>";
		};
		F4A2E8812B4D7A3600D9E721 /* Join */ = {
			isa = PBXGroup;
			children = (
				F4CFD8962B4ADF8C0024E28B /* JoinViewController.swift */,
				F4A2E8822B4D7A4300D9E721 /* JoinViewModel.swift */,
			);
			path = Join;
			sourceTree = "<group>";
		};
		F4A2E88B2B596AD300D9E721 /* Continue */ = {
			isa = PBXGroup;
			children = (
				F4F8AD5D2B492D7300317F08 /* ContinueViewController.swift */,
				F4A2E88C2B596ADF00D9E721 /* ContinueViewModel.swift */,
			);
			path = Continue;
			sourceTree = "<group>";
		};
		F4B353F32B56796200CC75E8 /* Network */ = {
			isa = PBXGroup;
			children = (
				F4A2E8792B4D72F000D9E721 /* Error */,
				F4A2E8672B4D650000D9E721 /* Model */,
				F4B353F42B56796B00CC75E8 /* NetworkManager.swift */,
				F4B353FA2B567C0E00CC75E8 /* UserRouter.swift */,
				F4B353FC2B567C6C00CC75E8 /* Secret.swift */,
				F4A2E88E2B59780B00D9E721 /* Interceptor.swift */,
			);
			path = Network;
			sourceTree = "<group>";
		};
		F4CFD89C2B4EF75F0024E28B /* Extension */ = {
			isa = PBXGroup;
			children = (
				F4CFD89D2B4EF7690024E28B /* UIResponder+Extension.swift */,
				F4281DC02B6233DC00E7D517 /* String+Extension.swift */,
			);
			path = Extension;
			sourceTree = "<group>";
		};
		F4F8AD1B2B456C6C00317F08 = {
			isa = PBXGroup;
			children = (
				F4F8AD262B456C6C00317F08 /* mojitalk */,
				F4F8AD252B456C6C00317F08 /* Products */,
			);
			sourceTree = "<group>";
		};
		F4F8AD252B456C6C00317F08 /* Products */ = {
			isa = PBXGroup;
			children = (
				F4F8AD242B456C6C00317F08 /* mojitalk.app */,
			);
			name = Products;
			sourceTree = "<group>";
		};
		F4F8AD262B456C6C00317F08 /* mojitalk */ = {
			isa = PBXGroup;
			children = (
				F4B353F32B56796200CC75E8 /* Network */,
				F4CFD89C2B4EF75F0024E28B /* Extension */,
				F4F8AD482B46E98B00317F08 /* Scene */,
				F4F8AD432B45B3A400317F08 /* BaseView */,
				F4F8AD3B2B456F2300317F08 /* Constant */,
				F4F8AD272B456C6C00317F08 /* AppDelegate.swift */,
				F4F8AD292B456C6C00317F08 /* SceneDelegate.swift */,
				F4F8AD302B456C6E00317F08 /* Assets.xcassets */,
				F4F8AD322B456C6E00317F08 /* LaunchScreen.storyboard */,
				F4B353F62B5679BB00CC75E8 /* .gitignore */,
				F4F8AD352B456C6E00317F08 /* Info.plist */,
			);
			path = mojitalk;
			sourceTree = "<group>";
		};
		F4F8AD3B2B456F2300317F08 /* Constant */ = {
			isa = PBXGroup;
			children = (
				F4F8AD3C2B456F2E00317F08 /* Font.swift */,
				F4F8AD462B45B4C000317F08 /* Image.swift */,
				F48235A42B556DA200C9768A /* Regex.swift */,
				F4281DC62B63C0F400E7D517 /* TokenManager.swift */,
				F4281DD12B64D11100E7D517 /* AccountManager.swift */,
			);
			path = Constant;
			sourceTree = "<group>";
		};
		F4F8AD432B45B3A400317F08 /* BaseView */ = {
			isa = PBXGroup;
			children = (
				F4F8AD442B45B3AD00317F08 /* BaseViewController.swift */,
				F4F8AD5F2B4986B200317F08 /* ImageButton.swift */,
				F4CFD8982B4AE08A0024E28B /* JoinView.swift */,
				F4CFD89A2B4B00510024E28B /* TextButton.swift */,
				F48235A22B53D8D200C9768A /* ToastView.swift */,
			);
			path = BaseView;
			sourceTree = "<group>";
		};
		F4F8AD482B46E98B00317F08 /* Scene */ = {
			isa = PBXGroup;
			children = (
				F4281DCE2B64BE5E00E7D517 /* Workspace */,
				F43E394D2B52800B00C6F1DE /* account */,
				F4F8AD5C2B492D5200317F08 /* Onboarding */,
			);
			path = Scene;
			sourceTree = "<group>";
		};
		F4F8AD5C2B492D5200317F08 /* Onboarding */ = {
			isa = PBXGroup;
			children = (
				F4F8AD2B2B456C6C00317F08 /* OnboardingViewController.swift */,
			);
			path = Onboarding;
			sourceTree = "<group>";
		};
/* End PBXGroup section */

/* Begin PBXNativeTarget section */
		F4F8AD232B456C6C00317F08 /* mojitalk */ = {
			isa = PBXNativeTarget;
			buildConfigurationList = F4F8AD382B456C6E00317F08 /* Build configuration list for PBXNativeTarget "mojitalk" */;
			buildPhases = (
				F4F8AD202B456C6C00317F08 /* Sources */,
				F4F8AD212B456C6C00317F08 /* Frameworks */,
				F4F8AD222B456C6C00317F08 /* Resources */,
			);
			buildRules = (
			);
			dependencies = (
			);
			name = mojitalk;
			packageProductDependencies = (
				F4F8AD412B4575BF00317F08 /* SnapKit */,
				F4CFD8912B4ADD700024E28B /* RxCocoa */,
				F4CFD8932B4ADD700024E28B /* RxSwift */,
				F43E39492B52800B00C6F1DE /* IQKeyboardManagerSwift */,
				F4B353EF2B56795100CC75E8 /* Moya */,
				F4B353F12B56795100CC75E8 /* RxMoya */,
				F4A2E8852B596AA400D9E721 /* KakaoSDK */,
				F4A2E8872B596AA400D9E721 /* KakaoSDKAuth */,
				F4A2E8892B596AA400D9E721 /* KakaoSDKUser */,
			);
			productName = mojitalk;
			productReference = F4F8AD242B456C6C00317F08 /* mojitalk.app */;
			productType = "com.apple.product-type.application";
		};
/* End PBXNativeTarget section */

/* Begin PBXProject section */
		F4F8AD1C2B456C6C00317F08 /* Project object */ = {
			isa = PBXProject;
			attributes = {
				BuildIndependentTargetsInParallel = 1;
				LastSwiftUpdateCheck = 1510;
				LastUpgradeCheck = 1510;
				TargetAttributes = {
					F4F8AD232B456C6C00317F08 = {
						CreatedOnToolsVersion = 15.1;
					};
				};
			};
			buildConfigurationList = F4F8AD1F2B456C6C00317F08 /* Build configuration list for PBXProject "mojitalk" */;
			compatibilityVersion = "Xcode 14.0";
			developmentRegion = en;
			hasScannedForEncodings = 0;
			knownRegions = (
				en,
				Base,
			);
			mainGroup = F4F8AD1B2B456C6C00317F08;
			packageReferences = (
				F4F8AD402B4575BF00317F08 /* XCRemoteSwiftPackageReference "SnapKit" */,
				F4CFD8902B4ADD700024E28B /* XCRemoteSwiftPackageReference "RxSwift" */,
				F43E39482B52800B00C6F1DE /* XCRemoteSwiftPackageReference "IQKeyboardManager" */,
				F4B353EE2B56795100CC75E8 /* XCRemoteSwiftPackageReference "Moya" */,
				F4A2E8842B596AA400D9E721 /* XCRemoteSwiftPackageReference "kakao-ios-sdk" */,
			);
			productRefGroup = F4F8AD252B456C6C00317F08 /* Products */;
			projectDirPath = "";
			projectRoot = "";
			targets = (
				F4F8AD232B456C6C00317F08 /* mojitalk */,
			);
		};
/* End PBXProject section */

/* Begin PBXResourcesBuildPhase section */
		F4F8AD222B456C6C00317F08 /* Resources */ = {
			isa = PBXResourcesBuildPhase;
			buildActionMask = 2147483647;
			files = (
				F4F8AD342B456C6E00317F08 /* LaunchScreen.storyboard in Resources */,
				F4B353F72B5679BB00CC75E8 /* .gitignore in Resources */,
				F4F8AD312B456C6E00317F08 /* Assets.xcassets in Resources */,
			);
			runOnlyForDeploymentPostprocessing = 0;
		};
/* End PBXResourcesBuildPhase section */

/* Begin PBXSourcesBuildPhase section */
		F4F8AD202B456C6C00317F08 /* Sources */ = {
			isa = PBXSourcesBuildPhase;
			buildActionMask = 2147483647;
			files = (
				F4A2E86E2B4D682D00D9E721 /* Login.swift in Sources */,
				F4281DC12B6233DC00E7D517 /* String+Extension.swift in Sources */,
				F4CFD89B2B4B00510024E28B /* TextButton.swift in Sources */,
				F4F8AD5E2B492D7300317F08 /* ContinueViewController.swift in Sources */,
				F4CFD89E2B4EF7690024E28B /* UIResponder+Extension.swift in Sources */,
				F4F8AD472B45B4C000317F08 /* Image.swift in Sources */,
				F4A2E8742B4D696700D9E721 /* DeviceToken.swift in Sources */,
				F4B353FB2B567C0E00CC75E8 /* UserRouter.swift in Sources */,
				F4A2E8722B4D691B00D9E721 /* AppleLogin.swift in Sources */,
				F4B353F52B56796B00CC75E8 /* NetworkManager.swift in Sources */,
				F4A2E86C2B4D67EF00D9E721 /* Email.swift in Sources */,
				F4F8AD602B4986B300317F08 /* ImageButton.swift in Sources */,
				F4F8AD3D2B456F2E00317F08 /* Font.swift in Sources */,
				F4CFD8972B4ADF8C0024E28B /* JoinViewController.swift in Sources */,
				F4A2E87B2B4D72FF00D9E721 /* Common.swift in Sources */,
				F4A2E8832B4D7A4300D9E721 /* JoinViewModel.swift in Sources */,
				F4A2E8762B4D69BC00D9E721 /* MyEdit.swift in Sources */,
				F4A2E8702B4D68DC00D9E721 /* KakaoLogin.swift in Sources */,
				F4A2E88D2B596ADF00D9E721 /* ContinueViewModel.swift in Sources */,
				F4B353FD2B567C6C00CC75E8 /* Secret.swift in Sources */,
				F4F8AD2C2B456C6C00317F08 /* OnboardingViewController.swift in Sources */,
				F48235A32B53D8D200C9768A /* ToastView.swift in Sources */,
				F4A2E87D2B4D744F00D9E721 /* UserError.swift in Sources */,
				F4F8AD282B456C6C00317F08 /* AppDelegate.swift in Sources */,
				F4281DD22B64D11100E7D517 /* AccountManager.swift in Sources */,
				F4A2E87F2B4D77F600D9E721 /* LoginViewModel.swift in Sources */,
				F4A2E8782B4D6A4800D9E721 /* MyImage.swift in Sources */,
				F4281DC32B63A60F00E7D517 /* ErrorResponse.swift in Sources */,
				F4281DD02B64BE7100E7D517 /* WorkspaceInitialViewController.swift in Sources */,
				F4281DC72B63C0F400E7D517 /* TokenManager.swift in Sources */,
				F4F8AD2A2B456C6C00317F08 /* SceneDelegate.swift in Sources */,
				F4CFD8992B4AE08A0024E28B /* JoinView.swift in Sources */,
				F4A2E88F2B59780B00D9E721 /* Interceptor.swift in Sources */,
				F43E394C2B52800B00C6F1DE /* LoginViewController.swift in Sources */,
				F4281DD42B64D30800E7D517 /* WorkspaceAddViewController.swift in Sources */,
				F4A2E86A2B4D653600D9E721 /* Join.swift in Sources */,
				F48235A52B556DA200C9768A /* Regex.swift in Sources */,
				F4F8AD452B45B3AD00317F08 /* BaseViewController.swift in Sources */,
			);
			runOnlyForDeploymentPostprocessing = 0;
		};
/* End PBXSourcesBuildPhase section */

/* Begin PBXVariantGroup section */
		F4F8AD322B456C6E00317F08 /* LaunchScreen.storyboard */ = {
			isa = PBXVariantGroup;
			children = (
				F4F8AD332B456C6E00317F08 /* Base */,
			);
			name = LaunchScreen.storyboard;
			sourceTree = "<group>";
		};
/* End PBXVariantGroup section */

/* Begin XCBuildConfiguration section */
		F4F8AD362B456C6E00317F08 /* Debug */ = {
			isa = XCBuildConfiguration;
			buildSettings = {
				ALWAYS_SEARCH_USER_PATHS = NO;
				ASSETCATALOG_COMPILER_GENERATE_SWIFT_ASSET_SYMBOL_EXTENSIONS = YES;
				CLANG_ANALYZER_NONNULL = YES;
				CLANG_ANALYZER_NUMBER_OBJECT_CONVERSION = YES_AGGRESSIVE;
				CLANG_CXX_LANGUAGE_STANDARD = "gnu++20";
				CLANG_ENABLE_MODULES = YES;
				CLANG_ENABLE_OBJC_ARC = YES;
				CLANG_ENABLE_OBJC_WEAK = YES;
				CLANG_WARN_BLOCK_CAPTURE_AUTORELEASING = YES;
				CLANG_WARN_BOOL_CONVERSION = YES;
				CLANG_WARN_COMMA = YES;
				CLANG_WARN_CONSTANT_CONVERSION = YES;
				CLANG_WARN_DEPRECATED_OBJC_IMPLEMENTATIONS = YES;
				CLANG_WARN_DIRECT_OBJC_ISA_USAGE = YES_ERROR;
				CLANG_WARN_DOCUMENTATION_COMMENTS = YES;
				CLANG_WARN_EMPTY_BODY = YES;
				CLANG_WARN_ENUM_CONVERSION = YES;
				CLANG_WARN_INFINITE_RECURSION = YES;
				CLANG_WARN_INT_CONVERSION = YES;
				CLANG_WARN_NON_LITERAL_NULL_CONVERSION = YES;
				CLANG_WARN_OBJC_IMPLICIT_RETAIN_SELF = YES;
				CLANG_WARN_OBJC_LITERAL_CONVERSION = YES;
				CLANG_WARN_OBJC_ROOT_CLASS = YES_ERROR;
				CLANG_WARN_QUOTED_INCLUDE_IN_FRAMEWORK_HEADER = YES;
				CLANG_WARN_RANGE_LOOP_ANALYSIS = YES;
				CLANG_WARN_STRICT_PROTOTYPES = YES;
				CLANG_WARN_SUSPICIOUS_MOVE = YES;
				CLANG_WARN_UNGUARDED_AVAILABILITY = YES_AGGRESSIVE;
				CLANG_WARN_UNREACHABLE_CODE = YES;
				CLANG_WARN__DUPLICATE_METHOD_MATCH = YES;
				COPY_PHASE_STRIP = NO;
				DEBUG_INFORMATION_FORMAT = dwarf;
				ENABLE_STRICT_OBJC_MSGSEND = YES;
				ENABLE_TESTABILITY = YES;
				ENABLE_USER_SCRIPT_SANDBOXING = YES;
				GCC_C_LANGUAGE_STANDARD = gnu17;
				GCC_DYNAMIC_NO_PIC = NO;
				GCC_NO_COMMON_BLOCKS = YES;
				GCC_OPTIMIZATION_LEVEL = 0;
				GCC_PREPROCESSOR_DEFINITIONS = (
					"DEBUG=1",
					"$(inherited)",
				);
				GCC_WARN_64_TO_32_BIT_CONVERSION = YES;
				GCC_WARN_ABOUT_RETURN_TYPE = YES_ERROR;
				GCC_WARN_UNDECLARED_SELECTOR = YES;
				GCC_WARN_UNINITIALIZED_AUTOS = YES_AGGRESSIVE;
				GCC_WARN_UNUSED_FUNCTION = YES;
				GCC_WARN_UNUSED_VARIABLE = YES;
				IPHONEOS_DEPLOYMENT_TARGET = 17.2;
				LOCALIZATION_PREFERS_STRING_CATALOGS = YES;
				MTL_ENABLE_DEBUG_INFO = INCLUDE_SOURCE;
				MTL_FAST_MATH = YES;
				ONLY_ACTIVE_ARCH = YES;
				SDKROOT = iphoneos;
				SWIFT_ACTIVE_COMPILATION_CONDITIONS = "DEBUG $(inherited)";
				SWIFT_OPTIMIZATION_LEVEL = "-Onone";
			};
			name = Debug;
		};
		F4F8AD372B456C6E00317F08 /* Release */ = {
			isa = XCBuildConfiguration;
			buildSettings = {
				ALWAYS_SEARCH_USER_PATHS = NO;
				ASSETCATALOG_COMPILER_GENERATE_SWIFT_ASSET_SYMBOL_EXTENSIONS = YES;
				CLANG_ANALYZER_NONNULL = YES;
				CLANG_ANALYZER_NUMBER_OBJECT_CONVERSION = YES_AGGRESSIVE;
				CLANG_CXX_LANGUAGE_STANDARD = "gnu++20";
				CLANG_ENABLE_MODULES = YES;
				CLANG_ENABLE_OBJC_ARC = YES;
				CLANG_ENABLE_OBJC_WEAK = YES;
				CLANG_WARN_BLOCK_CAPTURE_AUTORELEASING = YES;
				CLANG_WARN_BOOL_CONVERSION = YES;
				CLANG_WARN_COMMA = YES;
				CLANG_WARN_CONSTANT_CONVERSION = YES;
				CLANG_WARN_DEPRECATED_OBJC_IMPLEMENTATIONS = YES;
				CLANG_WARN_DIRECT_OBJC_ISA_USAGE = YES_ERROR;
				CLANG_WARN_DOCUMENTATION_COMMENTS = YES;
				CLANG_WARN_EMPTY_BODY = YES;
				CLANG_WARN_ENUM_CONVERSION = YES;
				CLANG_WARN_INFINITE_RECURSION = YES;
				CLANG_WARN_INT_CONVERSION = YES;
				CLANG_WARN_NON_LITERAL_NULL_CONVERSION = YES;
				CLANG_WARN_OBJC_IMPLICIT_RETAIN_SELF = YES;
				CLANG_WARN_OBJC_LITERAL_CONVERSION = YES;
				CLANG_WARN_OBJC_ROOT_CLASS = YES_ERROR;
				CLANG_WARN_QUOTED_INCLUDE_IN_FRAMEWORK_HEADER = YES;
				CLANG_WARN_RANGE_LOOP_ANALYSIS = YES;
				CLANG_WARN_STRICT_PROTOTYPES = YES;
				CLANG_WARN_SUSPICIOUS_MOVE = YES;
				CLANG_WARN_UNGUARDED_AVAILABILITY = YES_AGGRESSIVE;
				CLANG_WARN_UNREACHABLE_CODE = YES;
				CLANG_WARN__DUPLICATE_METHOD_MATCH = YES;
				COPY_PHASE_STRIP = NO;
				DEBUG_INFORMATION_FORMAT = "dwarf-with-dsym";
				ENABLE_NS_ASSERTIONS = NO;
				ENABLE_STRICT_OBJC_MSGSEND = YES;
				ENABLE_USER_SCRIPT_SANDBOXING = YES;
				GCC_C_LANGUAGE_STANDARD = gnu17;
				GCC_NO_COMMON_BLOCKS = YES;
				GCC_WARN_64_TO_32_BIT_CONVERSION = YES;
				GCC_WARN_ABOUT_RETURN_TYPE = YES_ERROR;
				GCC_WARN_UNDECLARED_SELECTOR = YES;
				GCC_WARN_UNINITIALIZED_AUTOS = YES_AGGRESSIVE;
				GCC_WARN_UNUSED_FUNCTION = YES;
				GCC_WARN_UNUSED_VARIABLE = YES;
				IPHONEOS_DEPLOYMENT_TARGET = 17.2;
				LOCALIZATION_PREFERS_STRING_CATALOGS = YES;
				MTL_ENABLE_DEBUG_INFO = NO;
				MTL_FAST_MATH = YES;
				SDKROOT = iphoneos;
				SWIFT_COMPILATION_MODE = wholemodule;
				VALIDATE_PRODUCT = YES;
			};
			name = Release;
		};
		F4F8AD392B456C6E00317F08 /* Debug */ = {
			isa = XCBuildConfiguration;
			buildSettings = {
				ASSETCATALOG_COMPILER_APPICON_NAME = AppIcon;
				ASSETCATALOG_COMPILER_GLOBAL_ACCENT_COLOR_NAME = AccentColor;
				CODE_SIGN_STYLE = Automatic;
				CURRENT_PROJECT_VERSION = 1;
				DEVELOPMENT_TEAM = N54L2GS5Z3;
				GENERATE_INFOPLIST_FILE = YES;
				INFOPLIST_FILE = mojitalk/Info.plist;
				INFOPLIST_KEY_UIApplicationSupportsIndirectInputEvents = YES;
				INFOPLIST_KEY_UILaunchStoryboardName = LaunchScreen;
				INFOPLIST_KEY_UISupportedInterfaceOrientations = UIInterfaceOrientationPortrait;
				INFOPLIST_KEY_UISupportedInterfaceOrientations_iPad = "UIInterfaceOrientationLandscapeLeft UIInterfaceOrientationLandscapeRight UIInterfaceOrientationPortrait UIInterfaceOrientationPortraitUpsideDown";
				IPHONEOS_DEPLOYMENT_TARGET = 16.0;
				LD_RUNPATH_SEARCH_PATHS = (
					"$(inherited)",
					"@executable_path/Frameworks",
				);
				MARKETING_VERSION = 1.0;
				PRODUCT_BUNDLE_IDENTIFIER = com.eunseo.mojitalk;
				PRODUCT_NAME = "$(TARGET_NAME)";
				SUPPORTED_PLATFORMS = "iphoneos iphonesimulator";
				SUPPORTS_MACCATALYST = NO;
				SUPPORTS_MAC_DESIGNED_FOR_IPHONE_IPAD = NO;
				SWIFT_EMIT_LOC_STRINGS = YES;
				SWIFT_VERSION = 5.0;
				TARGETED_DEVICE_FAMILY = 1;
			};
			name = Debug;
		};
		F4F8AD3A2B456C6E00317F08 /* Release */ = {
			isa = XCBuildConfiguration;
			buildSettings = {
				ASSETCATALOG_COMPILER_APPICON_NAME = AppIcon;
				ASSETCATALOG_COMPILER_GLOBAL_ACCENT_COLOR_NAME = AccentColor;
				CODE_SIGN_STYLE = Automatic;
				CURRENT_PROJECT_VERSION = 1;
				DEVELOPMENT_TEAM = N54L2GS5Z3;
				GENERATE_INFOPLIST_FILE = YES;
				INFOPLIST_FILE = mojitalk/Info.plist;
				INFOPLIST_KEY_UIApplicationSupportsIndirectInputEvents = YES;
				INFOPLIST_KEY_UILaunchStoryboardName = LaunchScreen;
				INFOPLIST_KEY_UISupportedInterfaceOrientations = UIInterfaceOrientationPortrait;
				INFOPLIST_KEY_UISupportedInterfaceOrientations_iPad = "UIInterfaceOrientationLandscapeLeft UIInterfaceOrientationLandscapeRight UIInterfaceOrientationPortrait UIInterfaceOrientationPortraitUpsideDown";
				IPHONEOS_DEPLOYMENT_TARGET = 16.0;
				LD_RUNPATH_SEARCH_PATHS = (
					"$(inherited)",
					"@executable_path/Frameworks",
				);
				MARKETING_VERSION = 1.0;
				PRODUCT_BUNDLE_IDENTIFIER = com.eunseo.mojitalk;
				PRODUCT_NAME = "$(TARGET_NAME)";
				SUPPORTED_PLATFORMS = "iphoneos iphonesimulator";
				SUPPORTS_MACCATALYST = NO;
				SUPPORTS_MAC_DESIGNED_FOR_IPHONE_IPAD = NO;
				SWIFT_EMIT_LOC_STRINGS = YES;
				SWIFT_VERSION = 5.0;
				TARGETED_DEVICE_FAMILY = 1;
			};
			name = Release;
		};
/* End XCBuildConfiguration section */

/* Begin XCConfigurationList section */
		F4F8AD1F2B456C6C00317F08 /* Build configuration list for PBXProject "mojitalk" */ = {
			isa = XCConfigurationList;
			buildConfigurations = (
				F4F8AD362B456C6E00317F08 /* Debug */,
				F4F8AD372B456C6E00317F08 /* Release */,
			);
			defaultConfigurationIsVisible = 0;
			defaultConfigurationName = Release;
		};
		F4F8AD382B456C6E00317F08 /* Build configuration list for PBXNativeTarget "mojitalk" */ = {
			isa = XCConfigurationList;
			buildConfigurations = (
				F4F8AD392B456C6E00317F08 /* Debug */,
				F4F8AD3A2B456C6E00317F08 /* Release */,
			);
			defaultConfigurationIsVisible = 0;
			defaultConfigurationName = Release;
		};
/* End XCConfigurationList section */

/* Begin XCRemoteSwiftPackageReference section */
		F43E39482B52800B00C6F1DE /* XCRemoteSwiftPackageReference "IQKeyboardManager" */ = {
			isa = XCRemoteSwiftPackageReference;
			repositoryURL = "https://github.com/hackiftekhar/IQKeyboardManager.git";
			requirement = {
				kind = upToNextMajorVersion;
				minimumVersion = 7.0.0;
			};
		};
		F4A2E8842B596AA400D9E721 /* XCRemoteSwiftPackageReference "kakao-ios-sdk" */ = {
			isa = XCRemoteSwiftPackageReference;
			repositoryURL = "https://github.com/kakao/kakao-ios-sdk";
			requirement = {
				kind = upToNextMajorVersion;
				minimumVersion = 2.20.0;
			};
		};
		F4B353EE2B56795100CC75E8 /* XCRemoteSwiftPackageReference "Moya" */ = {
			isa = XCRemoteSwiftPackageReference;
			repositoryURL = "https://github.com/Moya/Moya.git";
			requirement = {
				kind = upToNextMajorVersion;
				minimumVersion = 15.0.3;
			};
		};
		F4CFD8902B4ADD700024E28B /* XCRemoteSwiftPackageReference "RxSwift" */ = {
			isa = XCRemoteSwiftPackageReference;
			repositoryURL = "https://github.com/ReactiveX/RxSwift.git";
			requirement = {
				kind = upToNextMajorVersion;
				minimumVersion = 6.6.0;
			};
		};
		F4F8AD402B4575BF00317F08 /* XCRemoteSwiftPackageReference "SnapKit" */ = {
			isa = XCRemoteSwiftPackageReference;
			repositoryURL = "https://github.com/SnapKit/SnapKit.git";
			requirement = {
				kind = upToNextMajorVersion;
				minimumVersion = 5.7.0;
			};
		};
/* End XCRemoteSwiftPackageReference section */

/* Begin XCSwiftPackageProductDependency section */
		F43E39492B52800B00C6F1DE /* IQKeyboardManagerSwift */ = {
			isa = XCSwiftPackageProductDependency;
			package = F43E39482B52800B00C6F1DE /* XCRemoteSwiftPackageReference "IQKeyboardManager" */;
			productName = IQKeyboardManagerSwift;
		};
		F4A2E8852B596AA400D9E721 /* KakaoSDK */ = {
			isa = XCSwiftPackageProductDependency;
			package = F4A2E8842B596AA400D9E721 /* XCRemoteSwiftPackageReference "kakao-ios-sdk" */;
			productName = KakaoSDK;
		};
		F4A2E8872B596AA400D9E721 /* KakaoSDKAuth */ = {
			isa = XCSwiftPackageProductDependency;
			package = F4A2E8842B596AA400D9E721 /* XCRemoteSwiftPackageReference "kakao-ios-sdk" */;
			productName = KakaoSDKAuth;
		};
		F4A2E8892B596AA400D9E721 /* KakaoSDKUser */ = {
			isa = XCSwiftPackageProductDependency;
			package = F4A2E8842B596AA400D9E721 /* XCRemoteSwiftPackageReference "kakao-ios-sdk" */;
			productName = KakaoSDKUser;
		};
		F4B353EF2B56795100CC75E8 /* Moya */ = {
			isa = XCSwiftPackageProductDependency;
			package = F4B353EE2B56795100CC75E8 /* XCRemoteSwiftPackageReference "Moya" */;
			productName = Moya;
		};
		F4B353F12B56795100CC75E8 /* RxMoya */ = {
			isa = XCSwiftPackageProductDependency;
			package = F4B353EE2B56795100CC75E8 /* XCRemoteSwiftPackageReference "Moya" */;
			productName = RxMoya;
		};
		F4CFD8912B4ADD700024E28B /* RxCocoa */ = {
			isa = XCSwiftPackageProductDependency;
			package = F4CFD8902B4ADD700024E28B /* XCRemoteSwiftPackageReference "RxSwift" */;
			productName = RxCocoa;
		};
		F4CFD8932B4ADD700024E28B /* RxSwift */ = {
			isa = XCSwiftPackageProductDependency;
			package = F4CFD8902B4ADD700024E28B /* XCRemoteSwiftPackageReference "RxSwift" */;
			productName = RxSwift;
		};
		F4F8AD412B4575BF00317F08 /* SnapKit */ = {
			isa = XCSwiftPackageProductDependency;
			package = F4F8AD402B4575BF00317F08 /* XCRemoteSwiftPackageReference "SnapKit" */;
			productName = SnapKit;
		};
/* End XCSwiftPackageProductDependency section */
	};
	rootObject = F4F8AD1C2B456C6C00317F08 /* Project object */;
}
